<?xml version="1.0" encoding="utf-8"?>
<Project ToolsVersion="4.0" xmlns="http://schemas.microsoft.com/developer/msbuild/2003">
  <ItemGroup>
    <Filter Include="Source Files">
      <UniqueIdentifier>{4FC737F1-C7A5-4376-A066-2A32D752A2FF}</UniqueIdentifier>
      <Extensions>cpp;c;cc;cxx;c++;cppm;ixx;def;odl;idl;hpj;bat;asm;asmx</Extensions>
    </Filter>
    <Filter Include="Header Files">
      <UniqueIdentifier>{93995380-89BD-4b04-88EB-625FBE52EBFB}</UniqueIdentifier>
      <Extensions>h;hh;hpp;hxx;h++;hm;inl;inc;ipp;xsd</Extensions>
    </Filter>
    <Filter Include="Resource Files">
      <UniqueIdentifier>{67DA6AB6-F800-4c08-8B7A-83BB121AAD01}</UniqueIdentifier>
      <Extensions>rc;ico;cur;bmp;dlg;rc2;rct;bin;rgs;gif;jpg;jpeg;jpe;resx;tiff;tif;png;wav;mfcribbon-ms</Extensions>
    </Filter>
    <Filter Include="Header Files\Components">
      <UniqueIdentifier>{f8bf97f7-6e9f-4e9e-8388-32ddf6bef8c2}</UniqueIdentifier>
    </Filter>
    <Filter Include="Header Files\core">
      <UniqueIdentifier>{dc2071d1-7fb3-468e-b4d0-b2bc70024a25}</UniqueIdentifier>
    </Filter>
    <Filter Include="Header Files\render">
      <UniqueIdentifier>{04437d1f-959c-4ef7-800a-0b8bef6203e8}</UniqueIdentifier>
    </Filter>
    <Filter Include="Header Files\world">
      <UniqueIdentifier>{c81e6dd9-4b3c-453e-85e1-6e766758f162}</UniqueIdentifier>
    </Filter>
    <Filter Include="Source Files\core">
      <UniqueIdentifier>{516beb1f-e9df-4737-8a28-7cab426b91c4}</UniqueIdentifier>
    </Filter>
    <Filter Include="Source Files\render">
      <UniqueIdentifier>{27f6f043-0f85-468c-a474-b29d92ca04fb}</UniqueIdentifier>
    </Filter>
    <Filter Include="Source Files\world">
      <UniqueIdentifier>{04daaa66-881b-4549-bf7c-180b95799012}</UniqueIdentifier>
    </Filter>
    <Filter Include="Source Files\ui">
      <UniqueIdentifier>{b1cdb5f5-d6f9-48b9-a49f-5a5848474f2f}</UniqueIdentifier>
    </Filter>
    <Filter Include="Header Files\ui">
      <UniqueIdentifier>{cbda7092-2660-4262-bfe9-1034908a986a}</UniqueIdentifier>
    </Filter>
    <Filter Include="Header Files\FontSystem">
      <UniqueIdentifier>{e2b4f9f6-dd81-4661-ad3e-6616927ea32a}</UniqueIdentifier>
    </Filter>
    <Filter Include="Source Files\FontSystem">
      <UniqueIdentifier>{f0b14c1a-e5cc-47d2-a84e-1e5236eb7de6}</UniqueIdentifier>
    </Filter>
    <Filter Include="Source Files\core\Shaders">
      <UniqueIdentifier>{158602c2-70fa-4bcd-829f-cb9321347e6a}</UniqueIdentifier>
    </Filter>
  </ItemGroup>
  <ItemGroup>
    <ClCompile Include="src\main.cpp">
      <Filter>Source Files</Filter>
    </ClCompile>
    <ClCompile Include="src\core\Application.cpp">
      <Filter>Source Files\core</Filter>
    </ClCompile>
    <ClCompile Include="src\core\Camera.cpp">
      <Filter>Source Files\core</Filter>
    </ClCompile>
    <ClCompile Include="src\core\Editor.cpp">
      <Filter>Source Files\core</Filter>
    </ClCompile>
    <ClCompile Include="src\core\Event.cpp">
      <Filter>Source Files\core</Filter>
    </ClCompile>
    <ClCompile Include="src\core\Inputmanager.cpp">
      <Filter>Source Files\core</Filter>
    </ClCompile>
    <ClCompile Include="src\core\Window.cpp">
      <Filter>Source Files\core</Filter>
    </ClCompile>
    <ClCompile Include="src\render\GraphicsPipeline.cpp">
      <Filter>Source Files\render</Filter>
    </ClCompile>
    <ClCompile Include="src\render\Grid.cpp">
      <Filter>Source Files\render</Filter>
    </ClCompile>
    <ClCompile Include="src\render\Mesh.cpp">
      <Filter>Source Files\render</Filter>
    </ClCompile>
    <ClCompile Include="src\render\Primitives.cpp">
      <Filter>Source Files\render</Filter>
    </ClCompile>
    <ClCompile Include="src\render\Renderer.cpp">
      <Filter>Source Files\render</Filter>
    </ClCompile>
    <ClCompile Include="src\render\SwapChain.cpp">
      <Filter>Source Files\render</Filter>
    </ClCompile>
    <ClCompile Include="src\render\UniformBuffer.cpp">
      <Filter>Source Files\render</Filter>
    </ClCompile>
    <ClCompile Include="src\render\VulkanContext.cpp">
      <Filter>Source Files\render</Filter>
    </ClCompile>
    <ClCompile Include="src\world\World.cpp">
      <Filter>Source Files\world</Filter>
    </ClCompile>
    <ClCompile Include="src\ui\PreferencesWindow.cpp">
      <Filter>Source Files\ui</Filter>
    </ClCompile>
    <ClCompile Include="src\ui\UIRenderer.cpp">
      <Filter>Source Files\ui</Filter>
    </ClCompile>
    <ClCompile Include="src\ui\UI.cpp">
      <Filter>Source Files\ui</Filter>
    </ClCompile>
    <ClCompile Include="src\ui\Widgets.cpp">
      <Filter>Source Files\ui</Filter>
    </ClCompile>
    <ClCompile Include="ShaderCompiler.cpp">
      <Filter>Source Files\core</Filter>
    </ClCompile>
    <ClCompile Include="src\ui\FontSystem.cpp">
      <Filter>Source Files\ui</Filter>
    </ClCompile>
    <ClCompile Include="src\ui\Theme.cpp">
      <Filter>Source Files\ui</Filter>
    </ClCompile>
    <ClCompile Include="CallBackData.h">
      <Filter>Header Files\ui</Filter>
    </ClCompile>
    <ClCompile Include="Window.cpp">
      <Filter>Source Files\ui</Filter>
    </ClCompile>
  </ItemGroup>
  <ItemGroup>
    <ClInclude Include="src\components\CoreComponents.h">
      <Filter>Header Files\Components</Filter>
    </ClInclude>
    <ClInclude Include="src\core\Application.h">
      <Filter>Header Files\core</Filter>
    </ClInclude>
    <ClInclude Include="src\core\CallbackData.h">
      <Filter>Header Files\core</Filter>
    </ClInclude>
    <ClInclude Include="src\core\Camera.h">
      <Filter>Header Files\core</Filter>
    </ClInclude>
    <ClInclude Include="src\core\Command.h">
      <Filter>Header Files\core</Filter>
    </ClInclude>
    <ClInclude Include="src\core\Editor.h">
      <Filter>Header Files\core</Filter>
    </ClInclude>
    <ClInclude Include="src\core\Event.h">
      <Filter>Header Files\core</Filter>
    </ClInclude>
    <ClInclude Include="src\core\Inputmanager.h">
      <Filter>Header Files\core</Filter>
    </ClInclude>
    <ClInclude Include="src\core\Selection.h">
      <Filter>Header Files\core</Filter>
    </ClInclude>
    <ClInclude Include="src\core\Window.h">
      <Filter>Header Files\core</Filter>
    </ClInclude>
    <ClInclude Include="src\render\GraphicsPipeline.h">
      <Filter>Header Files\render</Filter>
    </ClInclude>
    <ClInclude Include="src\render\Grid.h">
      <Filter>Header Files\render</Filter>
    </ClInclude>
    <ClInclude Include="src\render\Mesh.h">
      <Filter>Header Files\render</Filter>
    </ClInclude>
    <ClInclude Include="src\render\Primitives.h">
      <Filter>Header Files\render</Filter>
    </ClInclude>
    <ClInclude Include="src\render\Renderer.h">
      <Filter>Header Files\render</Filter>
    </ClInclude>
    <ClInclude Include="src\render\SwapChain.h">
      <Filter>Header Files\render</Filter>
    </ClInclude>
    <ClInclude Include="src\render\UniformBuffer.h">
      <Filter>Header Files\render</Filter>
    </ClInclude>
    <ClInclude Include="src\render\VulkanContext.h">
      <Filter>Header Files\render</Filter>
    </ClInclude>
    <ClInclude Include="src\world\ComponentStorage.h">
      <Filter>Header Files\world</Filter>
    </ClInclude>
    <ClInclude Include="src\world\Primitives.h">
      <Filter>Header Files\world</Filter>
    </ClInclude>
    <ClInclude Include="src\world\RelationshipStore.h">
      <Filter>Header Files\world</Filter>
    </ClInclude>
    <ClInclude Include="src\world\Types.h">
      <Filter>Header Files\world</Filter>
    </ClInclude>
    <ClInclude Include="src\world\World.h">
      <Filter>Header Files\world</Filter>
    </ClInclude>
    <ClInclude Include="src\ui\Core.h">
      <Filter>Header Files\ui</Filter>
    </ClInclude>
    <ClInclude Include="src\ui\PreferencesWindow.h">
      <Filter>Header Files\ui</Filter>
    </ClInclude>
    <ClInclude Include="src\ui\UIRenderer.h">
      <Filter>Header Files\ui</Filter>
    </ClInclude>
    <ClInclude Include="src\ui\UI.h">
      <Filter>Header Files\ui</Filter>
    </ClInclude>
    <ClInclude Include="src\ui\Widgets.h">
      <Filter>Header Files\ui</Filter>
    </ClInclude>
    <ClInclude Include="ShaderCompiler.h">
      <Filter>Header Files\core</Filter>
    </ClInclude>
    <ClInclude Include="src\ui\FontSystem.h">
      <Filter>Header Files\ui</Filter>
    </ClInclude>
    <ClInclude Include="src\ui\UIScale.h">
      <Filter>Header Files\ui</Filter>
    </ClInclude>
    <ClInclude Include="src\ui\Theme.h">
      <Filter>Header Files\ui</Filter>
    </ClInclude>
    <ClInclude Include="Window.h">
      <Filter>Header Files\ui</Filter>
    </ClInclude>
  </ItemGroup>
  <ItemGroup>
    <None Include="shaders\grid.frag">
      <Filter>Source Files\core\Shaders</Filter>
    </None>
    <None Include="shaders\grid.vert">
      <Filter>Source Files\core\Shaders</Filter>
    </None>
    <None Include="shaders\workbench.frag">
      <Filter>Source Files\core\Shaders</Filter>
    </None>
    <None Include="shaders\workbench.vert">
      <Filter>Source Files\core\Shaders</Filter>
    </None>
    <None Include="shaders\ui.frag">
      <Filter>Source Files\core\Shaders</Filter>
    </None>
    <None Include="shaders\ui.vert">
      <Filter>Source Files\core\Shaders</Filter>
    </None>
    <None Include=".editorconfig" />
  </ItemGroup>
</Project>